// !$*UTF8*$!
{
	archiveVersion = 1;
	classes = {
	};
	objectVersion = 56;
	objects = {

/* Begin PBXBuildFile section */
		D20ED08B2C03C161007F4D8A /* BubbleImageView.swift in Sources */ = {isa = PBXBuildFile; fileRef = D20ED08A2C03C161007F4D8A /* BubbleImageView.swift */; };
		D20ED08D2C04136D007F4D8A /* BubbleAudioView.swift in Sources */ = {isa = PBXBuildFile; fileRef = D20ED08C2C04136D007F4D8A /* BubbleAudioView.swift */; };
		D20ED0902C04E4E6007F4D8A /* FirebaseAuth in Frameworks */ = {isa = PBXBuildFile; productRef = D20ED08F2C04E4E6007F4D8A /* FirebaseAuth */; };
		D20ED0922C04E4E6007F4D8A /* FirebaseDatabase in Frameworks */ = {isa = PBXBuildFile; productRef = D20ED0912C04E4E6007F4D8A /* FirebaseDatabase */; };
		D20ED0942C04E4E6007F4D8A /* FirebaseDatabaseSwift in Frameworks */ = {isa = PBXBuildFile; productRef = D20ED0932C04E4E6007F4D8A /* FirebaseDatabaseSwift */; };
		D20ED0962C04E4E6007F4D8A /* FirebaseMessaging in Frameworks */ = {isa = PBXBuildFile; productRef = D20ED0952C04E4E6007F4D8A /* FirebaseMessaging */; };
		D20ED0982C04E4E6007F4D8A /* FirebaseStorage in Frameworks */ = {isa = PBXBuildFile; productRef = D20ED0972C04E4E6007F4D8A /* FirebaseStorage */; };
		D20ED09A2C04E737007F4D8A /* GoogleService-Info.plist in Resources */ = {isa = PBXBuildFile; fileRef = D20ED0992C04E737007F4D8A /* GoogleService-Info.plist */; };
		D20ED09E2C04EAF4007F4D8A /* LoginScreen.swift in Sources */ = {isa = PBXBuildFile; fileRef = D20ED09D2C04EAF4007F4D8A /* LoginScreen.swift */; };
		D20ED0A02C04EB8E007F4D8A /* AuthHeaderView.swift in Sources */ = {isa = PBXBuildFile; fileRef = D20ED09F2C04EB8E007F4D8A /* AuthHeaderView.swift */; };
		D20ED0A22C04EC80007F4D8A /* AuthTextField.swift in Sources */ = {isa = PBXBuildFile; fileRef = D20ED0A12C04EC80007F4D8A /* AuthTextField.swift */; };
		D20ED0A42C04F25B007F4D8A /* AuthButton.swift in Sources */ = {isa = PBXBuildFile; fileRef = D20ED0A32C04F25B007F4D8A /* AuthButton.swift */; };
		D20ED0A62C05181C007F4D8A /* SignUpScreen.swift in Sources */ = {isa = PBXBuildFile; fileRef = D20ED0A52C05181C007F4D8A /* SignUpScreen.swift */; };
		D20ED0A92C051C40007F4D8A /* AuthScreenModel.swift in Sources */ = {isa = PBXBuildFile; fileRef = D20ED0A82C051C40007F4D8A /* AuthScreenModel.swift */; };
		D20ED0AC2C052AC5007F4D8A /* AuthProvider.swift in Sources */ = {isa = PBXBuildFile; fileRef = D20ED0AB2C052AC5007F4D8A /* AuthProvider.swift */; };
		D24280642C02485A004DEB55 /* CommunityTabScreen.swift in Sources */ = {isa = PBXBuildFile; fileRef = D24280632C02485A004DEB55 /* CommunityTabScreen.swift */; };
		D242806A2C024DDA004DEB55 /* ChannelTabScreen.swift in Sources */ = {isa = PBXBuildFile; fileRef = D24280692C024DDA004DEB55 /* ChannelTabScreen.swift */; };
		D242806C2C02544F004DEB55 /* ChannelItemView.swift in Sources */ = {isa = PBXBuildFile; fileRef = D242806B2C02544F004DEB55 /* ChannelItemView.swift */; };
		D242806E2C02595E004DEB55 /* SettingsTabScreen.swift in Sources */ = {isa = PBXBuildFile; fileRef = D242806D2C02595E004DEB55 /* SettingsTabScreen.swift */; };
		D24280702C025A08004DEB55 /* SettingsItemView.swift in Sources */ = {isa = PBXBuildFile; fileRef = D242806F2C025A08004DEB55 /* SettingsItemView.swift */; };
		D24280732C025C35004DEB55 /* SettingsItem.swift in Sources */ = {isa = PBXBuildFile; fileRef = D24280722C025C35004DEB55 /* SettingsItem.swift */; };
		D24280772C02D698004DEB55 /* ChatRoomScreen.swift in Sources */ = {isa = PBXBuildFile; fileRef = D24280762C02D698004DEB55 /* ChatRoomScreen.swift */; };
		D24280792C02D8EB004DEB55 /* TextInputAreaView.swift in Sources */ = {isa = PBXBuildFile; fileRef = D24280782C02D8EB004DEB55 /* TextInputAreaView.swift */; };
		D242807B2C039F43004DEB55 /* MessageListController.swift in Sources */ = {isa = PBXBuildFile; fileRef = D242807A2C039F43004DEB55 /* MessageListController.swift */; };
		D242807D2C03A1EF004DEB55 /* MessageListView.swift in Sources */ = {isa = PBXBuildFile; fileRef = D242807C2C03A1EF004DEB55 /* MessageListView.swift */; };
		D24280802C03AB1A004DEB55 /* MessageItem.swift in Sources */ = {isa = PBXBuildFile; fileRef = D242807F2C03AB1A004DEB55 /* MessageItem.swift */; };
		D24280822C03ABB5004DEB55 /* BubbleTextView.swift in Sources */ = {isa = PBXBuildFile; fileRef = D24280812C03ABB5004DEB55 /* BubbleTextView.swift */; };
		D24280842C03AC2F004DEB55 /* BubbleTailView.swift in Sources */ = {isa = PBXBuildFile; fileRef = D24280832C03AC2F004DEB55 /* BubbleTailView.swift */; };
		D24280872C03B1BE004DEB55 /* CustomModifiers.swift in Sources */ = {isa = PBXBuildFile; fileRef = D24280862C03B1BE004DEB55 /* CustomModifiers.swift */; };
		D2CA7D522C004E370080E71F /* Whats_App_CloneApp.swift in Sources */ = {isa = PBXBuildFile; fileRef = D2CA7D512C004E370080E71F /* Whats_App_CloneApp.swift */; };
		D2CA7D562C004E390080E71F /* Assets.xcassets in Resources */ = {isa = PBXBuildFile; fileRef = D2CA7D552C004E390080E71F /* Assets.xcassets */; };
		D2CA7D592C004E390080E71F /* Preview Assets.xcassets in Resources */ = {isa = PBXBuildFile; fileRef = D2CA7D582C004E390080E71F /* Preview Assets.xcassets */; };
		D2CA7E062C0057F60080E71F /* MainTabView.swift in Sources */ = {isa = PBXBuildFile; fileRef = D2CA7E052C0057F60080E71F /* MainTabView.swift */; };
		D2CA7E082C0116630080E71F /* UpdatesTabScreen.swift in Sources */ = {isa = PBXBuildFile; fileRef = D2CA7E072C0116630080E71F /* UpdatesTabScreen.swift */; };
		D2CA7E0C2C0168BE0080E71F /* CallsTabScreen.swift in Sources */ = {isa = PBXBuildFile; fileRef = D2CA7E0B2C0168BE0080E71F /* CallsTabScreen.swift */; };
/* End PBXBuildFile section */

/* Begin PBXFileReference section */
		D20ED08A2C03C161007F4D8A /* BubbleImageView.swift */ = {isa = PBXFileReference; lastKnownFileType = sourcecode.swift; path = BubbleImageView.swift; sourceTree = "<group>"; };
		D20ED08C2C04136D007F4D8A /* BubbleAudioView.swift */ = {isa = PBXFileReference; lastKnownFileType = sourcecode.swift; path = BubbleAudioView.swift; sourceTree = "<group>"; };
		D20ED0992C04E737007F4D8A /* GoogleService-Info.plist */ = {isa = PBXFileReference; fileEncoding = 4; lastKnownFileType = text.plist.xml; path = "GoogleService-Info.plist"; sourceTree = "<group>"; };
		D20ED09D2C04EAF4007F4D8A /* LoginScreen.swift */ = {isa = PBXFileReference; lastKnownFileType = sourcecode.swift; path = LoginScreen.swift; sourceTree = "<group>"; };
		D20ED09F2C04EB8E007F4D8A /* AuthHeaderView.swift */ = {isa = PBXFileReference; lastKnownFileType = sourcecode.swift; path = AuthHeaderView.swift; sourceTree = "<group>"; };
		D20ED0A12C04EC80007F4D8A /* AuthTextField.swift */ = {isa = PBXFileReference; lastKnownFileType = sourcecode.swift; path = AuthTextField.swift; sourceTree = "<group>"; };
		D20ED0A32C04F25B007F4D8A /* AuthButton.swift */ = {isa = PBXFileReference; lastKnownFileType = sourcecode.swift; path = AuthButton.swift; sourceTree = "<group>"; };
		D20ED0A52C05181C007F4D8A /* SignUpScreen.swift */ = {isa = PBXFileReference; lastKnownFileType = sourcecode.swift; path = SignUpScreen.swift; sourceTree = "<group>"; };
		D20ED0A82C051C40007F4D8A /* AuthScreenModel.swift */ = {isa = PBXFileReference; lastKnownFileType = sourcecode.swift; path = AuthScreenModel.swift; sourceTree = "<group>"; };
		D20ED0AB2C052AC5007F4D8A /* AuthProvider.swift */ = {isa = PBXFileReference; lastKnownFileType = sourcecode.swift; path = AuthProvider.swift; sourceTree = "<group>"; };
		D24280632C02485A004DEB55 /* CommunityTabScreen.swift */ = {isa = PBXFileReference; lastKnownFileType = sourcecode.swift; path = CommunityTabScreen.swift; sourceTree = "<group>"; };
		D24280692C024DDA004DEB55 /* ChannelTabScreen.swift */ = {isa = PBXFileReference; lastKnownFileType = sourcecode.swift; path = ChannelTabScreen.swift; sourceTree = "<group>"; };
		D242806B2C02544F004DEB55 /* ChannelItemView.swift */ = {isa = PBXFileReference; lastKnownFileType = sourcecode.swift; path = ChannelItemView.swift; sourceTree = "<group>"; };
		D242806D2C02595E004DEB55 /* SettingsTabScreen.swift */ = {isa = PBXFileReference; lastKnownFileType = sourcecode.swift; path = SettingsTabScreen.swift; sourceTree = "<group>"; };
		D242806F2C025A08004DEB55 /* SettingsItemView.swift */ = {isa = PBXFileReference; lastKnownFileType = sourcecode.swift; path = SettingsItemView.swift; sourceTree = "<group>"; };
		D24280722C025C35004DEB55 /* SettingsItem.swift */ = {isa = PBXFileReference; lastKnownFileType = sourcecode.swift; path = SettingsItem.swift; sourceTree = "<group>"; };
		D24280762C02D698004DEB55 /* ChatRoomScreen.swift */ = {isa = PBXFileReference; lastKnownFileType = sourcecode.swift; path = ChatRoomScreen.swift; sourceTree = "<group>"; };
		D24280782C02D8EB004DEB55 /* TextInputAreaView.swift */ = {isa = PBXFileReference; lastKnownFileType = sourcecode.swift; path = TextInputAreaView.swift; sourceTree = "<group>"; };
		D242807A2C039F43004DEB55 /* MessageListController.swift */ = {isa = PBXFileReference; lastKnownFileType = sourcecode.swift; path = MessageListController.swift; sourceTree = "<group>"; };
		D242807C2C03A1EF004DEB55 /* MessageListView.swift */ = {isa = PBXFileReference; lastKnownFileType = sourcecode.swift; path = MessageListView.swift; sourceTree = "<group>"; };
		D242807F2C03AB1A004DEB55 /* MessageItem.swift */ = {isa = PBXFileReference; lastKnownFileType = sourcecode.swift; path = MessageItem.swift; sourceTree = "<group>"; };
		D24280812C03ABB5004DEB55 /* BubbleTextView.swift */ = {isa = PBXFileReference; lastKnownFileType = sourcecode.swift; path = BubbleTextView.swift; sourceTree = "<group>"; };
		D24280832C03AC2F004DEB55 /* BubbleTailView.swift */ = {isa = PBXFileReference; lastKnownFileType = sourcecode.swift; path = BubbleTailView.swift; sourceTree = "<group>"; };
		D24280862C03B1BE004DEB55 /* CustomModifiers.swift */ = {isa = PBXFileReference; lastKnownFileType = sourcecode.swift; path = CustomModifiers.swift; sourceTree = "<group>"; };
		D2CA7D4E2C004E370080E71F /* Whats App Clone.app */ = {isa = PBXFileReference; explicitFileType = wrapper.application; includeInIndex = 0; path = "Whats App Clone.app"; sourceTree = BUILT_PRODUCTS_DIR; };
		D2CA7D512C004E370080E71F /* Whats_App_CloneApp.swift */ = {isa = PBXFileReference; lastKnownFileType = sourcecode.swift; path = Whats_App_CloneApp.swift; sourceTree = "<group>"; };
		D2CA7D552C004E390080E71F /* Assets.xcassets */ = {isa = PBXFileReference; lastKnownFileType = folder.assetcatalog; path = Assets.xcassets; sourceTree = "<group>"; };
		D2CA7D582C004E390080E71F /* Preview Assets.xcassets */ = {isa = PBXFileReference; lastKnownFileType = folder.assetcatalog; path = "Preview Assets.xcassets"; sourceTree = "<group>"; };
		D2CA7E052C0057F60080E71F /* MainTabView.swift */ = {isa = PBXFileReference; lastKnownFileType = sourcecode.swift; path = MainTabView.swift; sourceTree = "<group>"; };
		D2CA7E072C0116630080E71F /* UpdatesTabScreen.swift */ = {isa = PBXFileReference; lastKnownFileType = sourcecode.swift; path = UpdatesTabScreen.swift; sourceTree = "<group>"; };
		D2CA7E0B2C0168BE0080E71F /* CallsTabScreen.swift */ = {isa = PBXFileReference; lastKnownFileType = sourcecode.swift; path = CallsTabScreen.swift; sourceTree = "<group>"; };
/* End PBXFileReference section */

/* Begin PBXFrameworksBuildPhase section */
		D2CA7D4B2C004E370080E71F /* Frameworks */ = {
			isa = PBXFrameworksBuildPhase;
			buildActionMask = 2147483647;
			files = (
				D20ED0962C04E4E6007F4D8A /* FirebaseMessaging in Frameworks */,
				D20ED0942C04E4E6007F4D8A /* FirebaseDatabaseSwift in Frameworks */,
				D20ED0922C04E4E6007F4D8A /* FirebaseDatabase in Frameworks */,
				D20ED0982C04E4E6007F4D8A /* FirebaseStorage in Frameworks */,
				D20ED0902C04E4E6007F4D8A /* FirebaseAuth in Frameworks */,
			);
			runOnlyForDeploymentPostprocessing = 0;
		};
/* End PBXFrameworksBuildPhase section */

/* Begin PBXGroup section */
		D20ED09B2C04EADD007F4D8A /* Auth */ = {
			isa = PBXGroup;
			children = (
				D20ED0AA2C052AAA007F4D8A /* Services */,
				D20ED0A72C051C24007F4D8A /* ViewModels */,
				D20ED09C2C04EAE4007F4D8A /* Views */,
			);
			path = Auth;
			sourceTree = "<group>";
		};
		D20ED09C2C04EAE4007F4D8A /* Views */ = {
			isa = PBXGroup;
			children = (
				D20ED09D2C04EAF4007F4D8A /* LoginScreen.swift */,
				D20ED09F2C04EB8E007F4D8A /* AuthHeaderView.swift */,
				D20ED0A12C04EC80007F4D8A /* AuthTextField.swift */,
				D20ED0A52C05181C007F4D8A /* SignUpScreen.swift */,
				D20ED0A32C04F25B007F4D8A /* AuthButton.swift */,
			);
			path = Views;
			sourceTree = "<group>";
		};
		D20ED0A72C051C24007F4D8A /* ViewModels */ = {
			isa = PBXGroup;
			children = (
				D20ED0A82C051C40007F4D8A /* AuthScreenModel.swift */,
			);
			path = ViewModels;
			sourceTree = "<group>";
		};
		D20ED0AA2C052AAA007F4D8A /* Services */ = {
			isa = PBXGroup;
			children = (
				D20ED0AB2C052AC5007F4D8A /* AuthProvider.swift */,
			);
			path = Services;
			sourceTree = "<group>";
		};
		D242805C2C0247A3004DEB55 /* Screens */ = {
			isa = PBXGroup;
			children = (
				D20ED09B2C04EADD007F4D8A /* Auth */,
				D24280742C02D676004DEB55 /* Chat */,
				D24280662C024871004DEB55 /* Channel */,
				D24280652C024865004DEB55 /* Settings */,
				D24280612C024828004DEB55 /* Communties */,
				D242805F2C0247EB004DEB55 /* Calls */,
				D242805D2C0247B3004DEB55 /* Updates */,
			);
			path = Screens;
			sourceTree = "<group>";
		};
		D242805D2C0247B3004DEB55 /* Updates */ = {
			isa = PBXGroup;
			children = (
				D242805E2C0247D4004DEB55 /* Views */,
			);
			path = Updates;
			sourceTree = "<group>";
		};
		D242805E2C0247D4004DEB55 /* Views */ = {
			isa = PBXGroup;
			children = (
				D2CA7E072C0116630080E71F /* UpdatesTabScreen.swift */,
			);
			path = Views;
			sourceTree = "<group>";
		};
		D242805F2C0247EB004DEB55 /* Calls */ = {
			isa = PBXGroup;
			children = (
				D24280602C0247F3004DEB55 /* Views */,
			);
			path = Calls;
			sourceTree = "<group>";
		};
		D24280602C0247F3004DEB55 /* Views */ = {
			isa = PBXGroup;
			children = (
				D2CA7E0B2C0168BE0080E71F /* CallsTabScreen.swift */,
			);
			path = Views;
			sourceTree = "<group>";
		};
		D24280612C024828004DEB55 /* Communties */ = {
			isa = PBXGroup;
			children = (
				D24280622C024835004DEB55 /* Views */,
			);
			path = Communties;
			sourceTree = "<group>";
		};
		D24280622C024835004DEB55 /* Views */ = {
			isa = PBXGroup;
			children = (
				D24280632C02485A004DEB55 /* CommunityTabScreen.swift */,
			);
			path = Views;
			sourceTree = "<group>";
		};
		D24280652C024865004DEB55 /* Settings */ = {
			isa = PBXGroup;
			children = (
				D24280712C025C1A004DEB55 /* Models */,
				D24280682C024888004DEB55 /* Views */,
			);
			path = Settings;
			sourceTree = "<group>";
		};
		D24280662C024871004DEB55 /* Channel */ = {
			isa = PBXGroup;
			children = (
				D24280672C02487A004DEB55 /* Views */,
			);
			path = Channel;
			sourceTree = "<group>";
		};
		D24280672C02487A004DEB55 /* Views */ = {
			isa = PBXGroup;
			children = (
				D24280692C024DDA004DEB55 /* ChannelTabScreen.swift */,
				D242806B2C02544F004DEB55 /* ChannelItemView.swift */,
			);
			path = Views;
			sourceTree = "<group>";
		};
		D24280682C024888004DEB55 /* Views */ = {
			isa = PBXGroup;
			children = (
				D242806D2C02595E004DEB55 /* SettingsTabScreen.swift */,
				D242806F2C025A08004DEB55 /* SettingsItemView.swift */,
			);
			path = Views;
			sourceTree = "<group>";
		};
		D24280712C025C1A004DEB55 /* Models */ = {
			isa = PBXGroup;
			children = (
				D24280722C025C35004DEB55 /* SettingsItem.swift */,
			);
			path = Models;
			sourceTree = "<group>";
		};
		D24280742C02D676004DEB55 /* Chat */ = {
			isa = PBXGroup;
			children = (
				D242807E2C03AB01004DEB55 /* Models */,
				D24280752C02D67D004DEB55 /* Views */,
			);
			path = Chat;
			sourceTree = "<group>";
		};
		D24280752C02D67D004DEB55 /* Views */ = {
			isa = PBXGroup;
			children = (
				D24280762C02D698004DEB55 /* ChatRoomScreen.swift */,
				D24280782C02D8EB004DEB55 /* TextInputAreaView.swift */,
				D242807A2C039F43004DEB55 /* MessageListController.swift */,
				D242807C2C03A1EF004DEB55 /* MessageListView.swift */,
				D24280812C03ABB5004DEB55 /* BubbleTextView.swift */,
				D24280832C03AC2F004DEB55 /* BubbleTailView.swift */,
				D20ED08C2C04136D007F4D8A /* BubbleAudioView.swift */,
				D20ED08A2C03C161007F4D8A /* BubbleImageView.swift */,
			);
			path = Views;
			sourceTree = "<group>";
		};
		D242807E2C03AB01004DEB55 /* Models */ = {
			isa = PBXGroup;
			children = (
				D242807F2C03AB1A004DEB55 /* MessageItem.swift */,
			);
			path = Models;
			sourceTree = "<group>";
		};
		D24280852C03B1AA004DEB55 /* Helpers */ = {
			isa = PBXGroup;
			children = (
				D24280862C03B1BE004DEB55 /* CustomModifiers.swift */,
			);
			path = Helpers;
			sourceTree = "<group>";
		};
		D2CA7D452C004E370080E71F = {
			isa = PBXGroup;
			children = (
				D2CA7D502C004E370080E71F /* Whats App Clone */,
				D2CA7D4F2C004E370080E71F /* Products */,
			);
			sourceTree = "<group>";
		};
		D2CA7D4F2C004E370080E71F /* Products */ = {
			isa = PBXGroup;
			children = (
				D2CA7D4E2C004E370080E71F /* Whats App Clone.app */,
			);
			name = Products;
			sourceTree = "<group>";
		};
		D2CA7D502C004E370080E71F /* Whats App Clone */ = {
			isa = PBXGroup;
			children = (
				D24280852C03B1AA004DEB55 /* Helpers */,
				D242805C2C0247A3004DEB55 /* Screens */,
				D2CA7D512C004E370080E71F /* Whats_App_CloneApp.swift */,
				D2CA7E052C0057F60080E71F /* MainTabView.swift */,
				D20ED0992C04E737007F4D8A /* GoogleService-Info.plist */,
				D2CA7D552C004E390080E71F /* Assets.xcassets */,
				D2CA7D572C004E390080E71F /* Preview Content */,
			);
			path = "Whats App Clone";
			sourceTree = "<group>";
		};
		D2CA7D572C004E390080E71F /* Preview Content */ = {
			isa = PBXGroup;
			children = (
				D2CA7D582C004E390080E71F /* Preview Assets.xcassets */,
			);
			path = "Preview Content";
			sourceTree = "<group>";
		};
/* End PBXGroup section */

/* Begin PBXNativeTarget section */
		D2CA7D4D2C004E370080E71F /* Whats App Clone */ = {
			isa = PBXNativeTarget;
			buildConfigurationList = D2CA7D5C2C004E390080E71F /* Build configuration list for PBXNativeTarget "Whats App Clone" */;
			buildPhases = (
				D2CA7D4A2C004E370080E71F /* Sources */,
				D2CA7D4B2C004E370080E71F /* Frameworks */,
				D2CA7D4C2C004E370080E71F /* Resources */,
			);
			buildRules = (
			);
			dependencies = (
			);
			name = "Whats App Clone";
			packageProductDependencies = (
				D20ED08F2C04E4E6007F4D8A /* FirebaseAuth */,
				D20ED0912C04E4E6007F4D8A /* FirebaseDatabase */,
				D20ED0932C04E4E6007F4D8A /* FirebaseDatabaseSwift */,
				D20ED0952C04E4E6007F4D8A /* FirebaseMessaging */,
				D20ED0972C04E4E6007F4D8A /* FirebaseStorage */,
			);
			productName = "Whats App Clone";
			productReference = D2CA7D4E2C004E370080E71F /* Whats App Clone.app */;
			productType = "com.apple.product-type.application";
		};
/* End PBXNativeTarget section */

/* Begin PBXProject section */
		D2CA7D462C004E370080E71F /* Project object */ = {
			isa = PBXProject;
			attributes = {
				BuildIndependentTargetsInParallel = 1;
				LastSwiftUpdateCheck = 1530;
				LastUpgradeCheck = 1530;
				TargetAttributes = {
					D2CA7D4D2C004E370080E71F = {
						CreatedOnToolsVersion = 15.3;
					};
				};
			};
			buildConfigurationList = D2CA7D492C004E370080E71F /* Build configuration list for PBXProject "Whats App Clone" */;
			compatibilityVersion = "Xcode 14.0";
			developmentRegion = en;
			hasScannedForEncodings = 0;
			knownRegions = (
				en,
				Base,
			);
			mainGroup = D2CA7D452C004E370080E71F;
			packageReferences = (
				D20ED08E2C04E4E6007F4D8A /* XCRemoteSwiftPackageReference "firebase-ios-sdk" */,
			);
			productRefGroup = D2CA7D4F2C004E370080E71F /* Products */;
			projectDirPath = "";
			projectRoot = "";
			targets = (
				D2CA7D4D2C004E370080E71F /* Whats App Clone */,
			);
		};
/* End PBXProject section */

/* Begin PBXResourcesBuildPhase section */
		D2CA7D4C2C004E370080E71F /* Resources */ = {
			isa = PBXResourcesBuildPhase;
			buildActionMask = 2147483647;
			files = (
				D2CA7D592C004E390080E71F /* Preview Assets.xcassets in Resources */,
				D2CA7D562C004E390080E71F /* Assets.xcassets in Resources */,
				D20ED09A2C04E737007F4D8A /* GoogleService-Info.plist in Resources */,
			);
			runOnlyForDeploymentPostprocessing = 0;
		};
/* End PBXResourcesBuildPhase section */

/* Begin PBXSourcesBuildPhase section */
		D2CA7D4A2C004E370080E71F /* Sources */ = {
			isa = PBXSourcesBuildPhase;
			buildActionMask = 2147483647;
			files = (
				D2CA7E082C0116630080E71F /* UpdatesTabScreen.swift in Sources */,
				D20ED0A92C051C40007F4D8A /* AuthScreenModel.swift in Sources */,
				D20ED0A42C04F25B007F4D8A /* AuthButton.swift in Sources */,
				D2CA7E0C2C0168BE0080E71F /* CallsTabScreen.swift in Sources */,
				D24280842C03AC2F004DEB55 /* BubbleTailView.swift in Sources */,
				D20ED0A02C04EB8E007F4D8A /* AuthHeaderView.swift in Sources */,
				D20ED0AC2C052AC5007F4D8A /* AuthProvider.swift in Sources */,
				D242806E2C02595E004DEB55 /* SettingsTabScreen.swift in Sources */,
				D24280642C02485A004DEB55 /* CommunityTabScreen.swift in Sources */,
				D242807B2C039F43004DEB55 /* MessageListController.swift in Sources */,
				D242807D2C03A1EF004DEB55 /* MessageListView.swift in Sources */,
				D242806A2C024DDA004DEB55 /* ChannelTabScreen.swift in Sources */,
				D20ED0A62C05181C007F4D8A /* SignUpScreen.swift in Sources */,
				D2CA7D522C004E370080E71F /* Whats_App_CloneApp.swift in Sources */,
				D20ED08B2C03C161007F4D8A /* BubbleImageView.swift in Sources */,
				D24280772C02D698004DEB55 /* ChatRoomScreen.swift in Sources */,
				D20ED09E2C04EAF4007F4D8A /* LoginScreen.swift in Sources */,
				D24280702C025A08004DEB55 /* SettingsItemView.swift in Sources */,
				D242806C2C02544F004DEB55 /* ChannelItemView.swift in Sources */,
				D20ED0A22C04EC80007F4D8A /* AuthTextField.swift in Sources */,
				D24280822C03ABB5004DEB55 /* BubbleTextView.swift in Sources */,
				D24280802C03AB1A004DEB55 /* MessageItem.swift in Sources */,
				D2CA7E062C0057F60080E71F /* MainTabView.swift in Sources */,
				D24280872C03B1BE004DEB55 /* CustomModifiers.swift in Sources */,
				D20ED08D2C04136D007F4D8A /* BubbleAudioView.swift in Sources */,
				D24280732C025C35004DEB55 /* SettingsItem.swift in Sources */,
				D24280792C02D8EB004DEB55 /* TextInputAreaView.swift in Sources */,
			);
			runOnlyForDeploymentPostprocessing = 0;
		};
/* End PBXSourcesBuildPhase section */

/* Begin XCBuildConfiguration section */
		D2CA7D5A2C004E390080E71F /* Debug */ = {
			isa = XCBuildConfiguration;
			buildSettings = {
				ALWAYS_SEARCH_USER_PATHS = NO;
				ASSETCATALOG_COMPILER_GENERATE_SWIFT_ASSET_SYMBOL_EXTENSIONS = YES;
				CLANG_ANALYZER_NONNULL = YES;
				CLANG_ANALYZER_NUMBER_OBJECT_CONVERSION = YES_AGGRESSIVE;
				CLANG_CXX_LANGUAGE_STANDARD = "gnu++20";
				CLANG_ENABLE_MODULES = YES;
				CLANG_ENABLE_OBJC_ARC = YES;
				CLANG_ENABLE_OBJC_WEAK = YES;
				CLANG_WARN_BLOCK_CAPTURE_AUTORELEASING = YES;
				CLANG_WARN_BOOL_CONVERSION = YES;
				CLANG_WARN_COMMA = YES;
				CLANG_WARN_CONSTANT_CONVERSION = YES;
				CLANG_WARN_DEPRECATED_OBJC_IMPLEMENTATIONS = YES;
				CLANG_WARN_DIRECT_OBJC_ISA_USAGE = YES_ERROR;
				CLANG_WARN_DOCUMENTATION_COMMENTS = YES;
				CLANG_WARN_EMPTY_BODY = YES;
				CLANG_WARN_ENUM_CONVERSION = YES;
				CLANG_WARN_INFINITE_RECURSION = YES;
				CLANG_WARN_INT_CONVERSION = YES;
				CLANG_WARN_NON_LITERAL_NULL_CONVERSION = YES;
				CLANG_WARN_OBJC_IMPLICIT_RETAIN_SELF = YES;
				CLANG_WARN_OBJC_LITERAL_CONVERSION = YES;
				CLANG_WARN_OBJC_ROOT_CLASS = YES_ERROR;
				CLANG_WARN_QUOTED_INCLUDE_IN_FRAMEWORK_HEADER = YES;
				CLANG_WARN_RANGE_LOOP_ANALYSIS = YES;
				CLANG_WARN_STRICT_PROTOTYPES = YES;
				CLANG_WARN_SUSPICIOUS_MOVE = YES;
				CLANG_WARN_UNGUARDED_AVAILABILITY = YES_AGGRESSIVE;
				CLANG_WARN_UNREACHABLE_CODE = YES;
				CLANG_WARN__DUPLICATE_METHOD_MATCH = YES;
				COPY_PHASE_STRIP = NO;
				DEBUG_INFORMATION_FORMAT = dwarf;
				ENABLE_STRICT_OBJC_MSGSEND = YES;
				ENABLE_TESTABILITY = YES;
				ENABLE_USER_SCRIPT_SANDBOXING = YES;
				GCC_C_LANGUAGE_STANDARD = gnu17;
				GCC_DYNAMIC_NO_PIC = NO;
				GCC_NO_COMMON_BLOCKS = YES;
				GCC_OPTIMIZATION_LEVEL = 0;
				GCC_PREPROCESSOR_DEFINITIONS = (
					"DEBUG=1",
					"$(inherited)",
				);
				GCC_WARN_64_TO_32_BIT_CONVERSION = YES;
				GCC_WARN_ABOUT_RETURN_TYPE = YES_ERROR;
				GCC_WARN_UNDECLARED_SELECTOR = YES;
				GCC_WARN_UNINITIALIZED_AUTOS = YES_AGGRESSIVE;
				GCC_WARN_UNUSED_FUNCTION = YES;
				GCC_WARN_UNUSED_VARIABLE = YES;
				IPHONEOS_DEPLOYMENT_TARGET = 17.4;
				LOCALIZATION_PREFERS_STRING_CATALOGS = YES;
				MTL_ENABLE_DEBUG_INFO = INCLUDE_SOURCE;
				MTL_FAST_MATH = YES;
				ONLY_ACTIVE_ARCH = YES;
				SDKROOT = iphoneos;
				SWIFT_ACTIVE_COMPILATION_CONDITIONS = "DEBUG $(inherited)";
				SWIFT_OPTIMIZATION_LEVEL = "-Onone";
			};
			name = Debug;
		};
		D2CA7D5B2C004E390080E71F /* Release */ = {
			isa = XCBuildConfiguration;
			buildSettings = {
				ALWAYS_SEARCH_USER_PATHS = NO;
				ASSETCATALOG_COMPILER_GENERATE_SWIFT_ASSET_SYMBOL_EXTENSIONS = YES;
				CLANG_ANALYZER_NONNULL = YES;
				CLANG_ANALYZER_NUMBER_OBJECT_CONVERSION = YES_AGGRESSIVE;
				CLANG_CXX_LANGUAGE_STANDARD = "gnu++20";
				CLANG_ENABLE_MODULES = YES;
				CLANG_ENABLE_OBJC_ARC = YES;
				CLANG_ENABLE_OBJC_WEAK = YES;
				CLANG_WARN_BLOCK_CAPTURE_AUTORELEASING = YES;
				CLANG_WARN_BOOL_CONVERSION = YES;
				CLANG_WARN_COMMA = YES;
				CLANG_WARN_CONSTANT_CONVERSION = YES;
				CLANG_WARN_DEPRECATED_OBJC_IMPLEMENTATIONS = YES;
				CLANG_WARN_DIRECT_OBJC_ISA_USAGE = YES_ERROR;
				CLANG_WARN_DOCUMENTATION_COMMENTS = YES;
				CLANG_WARN_EMPTY_BODY = YES;
				CLANG_WARN_ENUM_CONVERSION = YES;
				CLANG_WARN_INFINITE_RECURSION = YES;
				CLANG_WARN_INT_CONVERSION = YES;
				CLANG_WARN_NON_LITERAL_NULL_CONVERSION = YES;
				CLANG_WARN_OBJC_IMPLICIT_RETAIN_SELF = YES;
				CLANG_WARN_OBJC_LITERAL_CONVERSION = YES;
				CLANG_WARN_OBJC_ROOT_CLASS = YES_ERROR;
				CLANG_WARN_QUOTED_INCLUDE_IN_FRAMEWORK_HEADER = YES;
				CLANG_WARN_RANGE_LOOP_ANALYSIS = YES;
				CLANG_WARN_STRICT_PROTOTYPES = YES;
				CLANG_WARN_SUSPICIOUS_MOVE = YES;
				CLANG_WARN_UNGUARDED_AVAILABILITY = YES_AGGRESSIVE;
				CLANG_WARN_UNREACHABLE_CODE = YES;
				CLANG_WARN__DUPLICATE_METHOD_MATCH = YES;
				COPY_PHASE_STRIP = NO;
				DEBUG_INFORMATION_FORMAT = "dwarf-with-dsym";
				ENABLE_NS_ASSERTIONS = NO;
				ENABLE_STRICT_OBJC_MSGSEND = YES;
				ENABLE_USER_SCRIPT_SANDBOXING = YES;
				GCC_C_LANGUAGE_STANDARD = gnu17;
				GCC_NO_COMMON_BLOCKS = YES;
				GCC_WARN_64_TO_32_BIT_CONVERSION = YES;
				GCC_WARN_ABOUT_RETURN_TYPE = YES_ERROR;
				GCC_WARN_UNDECLARED_SELECTOR = YES;
				GCC_WARN_UNINITIALIZED_AUTOS = YES_AGGRESSIVE;
				GCC_WARN_UNUSED_FUNCTION = YES;
				GCC_WARN_UNUSED_VARIABLE = YES;
				IPHONEOS_DEPLOYMENT_TARGET = 17.4;
				LOCALIZATION_PREFERS_STRING_CATALOGS = YES;
				MTL_ENABLE_DEBUG_INFO = NO;
				MTL_FAST_MATH = YES;
				SDKROOT = iphoneos;
				SWIFT_COMPILATION_MODE = wholemodule;
				VALIDATE_PRODUCT = YES;
			};
			name = Release;
		};
		D2CA7D5D2C004E390080E71F /* Debug */ = {
			isa = XCBuildConfiguration;
			buildSettings = {
				ASSETCATALOG_COMPILER_APPICON_NAME = AppIcon;
				ASSETCATALOG_COMPILER_GLOBAL_ACCENT_COLOR_NAME = AccentColor;
				CODE_SIGN_STYLE = Automatic;
				CURRENT_PROJECT_VERSION = 1;
				DEVELOPMENT_ASSET_PATHS = "\"Whats App Clone/Preview Content\"";
				DEVELOPMENT_TEAM = F7Y28W8BSK;
				ENABLE_PREVIEWS = YES;
				GENERATE_INFOPLIST_FILE = YES;
				INFOPLIST_KEY_UIApplicationSceneManifest_Generation = YES;
				INFOPLIST_KEY_UIApplicationSupportsIndirectInputEvents = YES;
				INFOPLIST_KEY_UILaunchScreen_Generation = YES;
				INFOPLIST_KEY_UISupportedInterfaceOrientations_iPad = "UIInterfaceOrientationPortrait UIInterfaceOrientationPortraitUpsideDown UIInterfaceOrientationLandscapeLeft UIInterfaceOrientationLandscapeRight";
				INFOPLIST_KEY_UISupportedInterfaceOrientations_iPhone = "UIInterfaceOrientationPortrait UIInterfaceOrientationLandscapeLeft UIInterfaceOrientationLandscapeRight";
				IPHONEOS_DEPLOYMENT_TARGET = 17.4;
				LD_RUNPATH_SEARCH_PATHS = (
					"$(inherited)",
					"@executable_path/Frameworks",
				);
				MARKETING_VERSION = 1.0;
				PRODUCT_BUNDLE_IDENTIFIER = "com.recker.Whats-App-Clone";
				PRODUCT_NAME = "$(TARGET_NAME)";
				SWIFT_EMIT_LOC_STRINGS = YES;
				SWIFT_VERSION = 5.0;
				TARGETED_DEVICE_FAMILY = "1,2";
			};
			name = Debug;
		};
		D2CA7D5E2C004E390080E71F /* Release */ = {
			isa = XCBuildConfiguration;
			buildSettings = {
				ASSETCATALOG_COMPILER_APPICON_NAME = AppIcon;
				ASSETCATALOG_COMPILER_GLOBAL_ACCENT_COLOR_NAME = AccentColor;
				CODE_SIGN_STYLE = Automatic;
				CURRENT_PROJECT_VERSION = 1;
				DEVELOPMENT_ASSET_PATHS = "\"Whats App Clone/Preview Content\"";
				DEVELOPMENT_TEAM = F7Y28W8BSK;
				ENABLE_PREVIEWS = YES;
				GENERATE_INFOPLIST_FILE = YES;
				INFOPLIST_KEY_UIApplicationSceneManifest_Generation = YES;
				INFOPLIST_KEY_UIApplicationSupportsIndirectInputEvents = YES;
				INFOPLIST_KEY_UILaunchScreen_Generation = YES;
				INFOPLIST_KEY_UISupportedInterfaceOrientations_iPad = "UIInterfaceOrientationPortrait UIInterfaceOrientationPortraitUpsideDown UIInterfaceOrientationLandscapeLeft UIInterfaceOrientationLandscapeRight";
				INFOPLIST_KEY_UISupportedInterfaceOrientations_iPhone = "UIInterfaceOrientationPortrait UIInterfaceOrientationLandscapeLeft UIInterfaceOrientationLandscapeRight";
				IPHONEOS_DEPLOYMENT_TARGET = 17.4;
				LD_RUNPATH_SEARCH_PATHS = (
					"$(inherited)",
					"@executable_path/Frameworks",
				);
				MARKETING_VERSION = 1.0;
				PRODUCT_BUNDLE_IDENTIFIER = "com.recker.Whats-App-Clone";
				PRODUCT_NAME = "$(TARGET_NAME)";
				SWIFT_EMIT_LOC_STRINGS = YES;
				SWIFT_VERSION = 5.0;
				TARGETED_DEVICE_FAMILY = "1,2";
			};
			name = Release;
		};
/* End XCBuildConfiguration section */

/* Begin XCConfigurationList section */
		D2CA7D492C004E370080E71F /* Build configuration list for PBXProject "Whats App Clone" */ = {
			isa = XCConfigurationList;
			buildConfigurations = (
				D2CA7D5A2C004E390080E71F /* Debug */,
				D2CA7D5B2C004E390080E71F /* Release */,
			);
			defaultConfigurationIsVisible = 0;
			defaultConfigurationName = Release;
		};
		D2CA7D5C2C004E390080E71F /* Build configuration list for PBXNativeTarget "Whats App Clone" */ = {
			isa = XCConfigurationList;
			buildConfigurations = (
				D2CA7D5D2C004E390080E71F /* Debug */,
				D2CA7D5E2C004E390080E71F /* Release */,
			);
			defaultConfigurationIsVisible = 0;
			defaultConfigurationName = Release;
		};
/* End XCConfigurationList section */

/* Begin XCRemoteSwiftPackageReference section */
		D20ED08E2C04E4E6007F4D8A /* XCRemoteSwiftPackageReference "firebase-ios-sdk" */ = {
			isa = XCRemoteSwiftPackageReference;
			repositoryURL = "https://github.com/firebase/firebase-ios-sdk";
			requirement = {
				kind = upToNextMajorVersion;
				minimumVersion = 10.26.0;
			};
		};
/* End XCRemoteSwiftPackageReference section */

/* Begin XCSwiftPackageProductDependency section */
		D20ED08F2C04E4E6007F4D8A /* FirebaseAuth */ = {
			isa = XCSwiftPackageProductDependency;
			package = D20ED08E2C04E4E6007F4D8A /* XCRemoteSwiftPackageReference "firebase-ios-sdk" */;
			productName = FirebaseAuth;
		};
		D20ED0912C04E4E6007F4D8A /* FirebaseDatabase */ = {
			isa = XCSwiftPackageProductDependency;
			package = D20ED08E2C04E4E6007F4D8A /* XCRemoteSwiftPackageReference "firebase-ios-sdk" */;
			productName = FirebaseDatabase;
		};
		D20ED0932C04E4E6007F4D8A /* FirebaseDatabaseSwift */ = {
			isa = XCSwiftPackageProductDependency;
			package = D20ED08E2C04E4E6007F4D8A /* XCRemoteSwiftPackageReference "firebase-ios-sdk" */;
			productName = FirebaseDatabaseSwift;
		};
		D20ED0952C04E4E6007F4D8A /* FirebaseMessaging */ = {
			isa = XCSwiftPackageProductDependency;
			package = D20ED08E2C04E4E6007F4D8A /* XCRemoteSwiftPackageReference "firebase-ios-sdk" */;
			productName = FirebaseMessaging;
		};
		D20ED0972C04E4E6007F4D8A /* FirebaseStorage */ = {
			isa = XCSwiftPackageProductDependency;
			package = D20ED08E2C04E4E6007F4D8A /* XCRemoteSwiftPackageReference "firebase-ios-sdk" */;
			productName = FirebaseStorage;
		};
/* End XCSwiftPackageProductDependency section */
	};
	rootObject = D2CA7D462C004E370080E71F /* Project object */;
}
